
Microsoft Visual Studio Solution File, Format Version 12.00
# Visual Studio 15
VisualStudioVersion = 15.0.28307.136
MinimumVisualStudioVersion = 10.0.40219.1
Project("{FAE04EC0-301F-11D3-BF4B-00C04F79EFBC}") = "HeshysSandwiches", "HeshysSandwiches\HeshysSandwiches.csproj", "{2EDADC39-294F-422B-87C8-A041B6F4D696}"
EndProject
Global
	GlobalSection(SolutionConfigurationPlatforms) = preSolution
		Debug|Any CPU = Debug|Any CPU
		Release|Any CPU = Release|Any CPU
	EndGlobalSection
	GlobalSection(ProjectConfigurationPlatforms) = postSolution
		{2EDADC39-294F-422B-87C8-A041B6F4D696}.Debug|Any CPU.ActiveCfg = Debug|Any CPU
		{2EDADC39-294F-422B-87C8-A041B6F4D696}.Debug|Any CPU.Build.0 = Debug|Any CPU
		{2EDADC39-294F-422B-87C8-A041B6F4D696}.Release|Any CPU.ActiveCfg = Release|Any CPU
		{2EDADC39-294F-422B-87C8-A041B6F4D696}.Release|Any CPU.Build.0 = Release|Any CPU
	EndGlobalSection
	GlobalSection(SolutionProperties) = preSolution
		HideSolutionNode = FALSE
	EndGlobalSection
	GlobalSection(ExtensibilityGlobals) = postSolution
		SolutionGuid = {BFE507D5-D420-4F35-8445-DF69D88F5794}
	EndGlobalSection
EndGlobal
